
Microsoft Visual Studio Solution File, Format Version 12.00
# Visual Studio Version 17
VisualStudioVersion = 17.4.33110.190
MinimumVisualStudioVersion = 10.0.40219.1
Project("{9A19103F-16F7-4668-BE54-9A1E7A4F7556}") = "MedicLabApi", "MedicLabApi.csproj", "{F8E33721-252E-4767-B72C-26424A08F009}"
EndProject
Global
	GlobalSection(SolutionConfigurationPlatforms) = preSolution
		Debug|Any CPU = Debug|Any CPU
		Release|Any CPU = Release|Any CPU
	EndGlobalSection
	GlobalSection(ProjectConfigurationPlatforms) = postSolution
		{F8E33721-252E-4767-B72C-26424A08F009}.Debug|Any CPU.ActiveCfg = Debug|Any CPU
		{F8E33721-252E-4767-B72C-26424A08F009}.Debug|Any CPU.Build.0 = Debug|Any CPU
		{F8E33721-252E-4767-B72C-26424A08F009}.Release|Any CPU.ActiveCfg = Release|Any CPU
		{F8E33721-252E-4767-B72C-26424A08F009}.Release|Any CPU.Build.0 = Release|Any CPU
	EndGlobalSection
	GlobalSection(SolutionProperties) = preSolution
		HideSolutionNode = FALSE
	EndGlobalSection
	GlobalSection(ExtensibilityGlobals) = postSolution
		SolutionGuid = {6F820ABE-3C72-4405-A961-D91D4E1F87DC}
	EndGlobalSection
EndGlobal
